{
  "name": "lambda-code-update",
  "version": "1.0.0",
  "lockfileVersion": 2,
  "requires": true,
  "packages": {
    "": {
      "name": "lambda-code-update",
      "version": "1.0.0",
      "dependencies": {
        "adm-zip": "^0.5.9"
      },
      "devDependencies": {
        "@types/adm-zip": "^0.4.34"
      }
    },
    "node_modules/@types/adm-zip": {
      "version": "0.4.34",
      "resolved": "https://registry.npmjs.org/@types/adm-zip/-/adm-zip-0.4.34.tgz",
      "integrity": "sha512-8ToYLLAYhkRfcmmljrKi22gT2pqu7hGMDtORP1emwIEGmgUTZOsaDjzWFzW5N2frcFRz/50CWt4zA1CxJ73pmQ==",
      "dev": true,
      "dependencies": {
        "@types/node": "*"
      }
    },
    "node_modules/@types/node": {
      "version": "17.0.14",
      "resolved": "https://registry.npmjs.org/@types/node/-/node-17.0.14.tgz",
      "integrity": "sha512-SbjLmERksKOGzWzPNuW7fJM7fk3YXVTFiZWB/Hs99gwhk+/dnrQRPBQjPW9aO+fi1tAffi9PrwFvsmOKmDTyng==",
      "dev": true
    },
    "node_modules/adm-zip": {
      "version": "0.5.9",
      "resolved": "https://registry.npmjs.org/adm-zip/-/adm-zip-0.5.9.tgz",
      "integrity": "sha512-s+3fXLkeeLjZ2kLjCBwQufpI5fuN+kIGBxu6530nVQZGVol0d7Y/M88/xw9HGGUcJjKf8LutN3VPRUBq6N7Ajg==",
      "engines": {
        "node": ">=6.0"
      }
    }
  },
  "dependencies": {
    "@types/adm-zip": {
      "version": "0.4.34",
      "resolved": "https://registry.npmjs.org/@types/adm-zip/-/adm-zip-0.4.34.tgz",
      "integrity": "sha512-8ToYLLAYhkRfcmmljrKi22gT2pqu7hGMDtORP1emwIEGmgUTZOsaDjzWFzW5N2frcFRz/50CWt4zA1CxJ73pmQ==",
      "dev": true,
      "requires": {
        "@types/node": "*"
      }
    },
    "@types/node": {
      "version": "17.0.14",
      "resolved": "https://registry.npmjs.org/@types/node/-/node-17.0.14.tgz",
      "integrity": "sha512-SbjLmERksKOGzWzPNuW7fJM7fk3YXVTFiZWB/Hs99gwhk+/dnrQRPBQjPW9aO+fi1tAffi9PrwFvsmOKmDTyng==",
      "dev": true
    },
    "adm-zip": {
      "version": "0.5.9",
      "resolved": "https://registry.npmjs.org/adm-zip/-/adm-zip-0.5.9.tgz",
      "integrity": "sha512-s+3fXLkeeLjZ2kLjCBwQufpI5fuN+kIGBxu6530nVQZGVol0d7Y/M88/xw9HGGUcJjKf8LutN3VPRUBq6N7Ajg=="
    }
  }
}
